{
  "name": "table",
  "version": "1.0.0",
  "lockfileVersion": 1,
  "requires": true,
  "dependencies": {
    "@scarf/scarf": {
      "version": "1.0.6",
      "resolved": "https://registry.npmjs.org/@scarf/scarf/-/scarf-1.0.6.tgz",
      "integrity": "sha512-y4+DuXrAd1W5UIY3zTcsosi/1GyYT8k5jGnZ/wG7UUHVrU+MHlH4Mp87KK2/lvMW4+H7HVcdB+aJhqywgXksjA=="
    },
    "react-table": {
      "version": "7.2.1",
      "resolved": "https://registry.npmjs.org/react-table/-/react-table-7.2.1.tgz",
      "integrity": "sha512-cICU3w5yFWTDluz9yFePziEQXGt3PK5R1Va3InP7qMGnZOKm8kv0GiDMli+VOqE1uM1dBYPb9BEad15up1ac6g==",
      "requires": {
        "@scarf/scarf": "^1.0.4"
      }
    }
  }
}
